Microsoft Visual Studio Solution File, Format Version 12.00
# Visual Studio 15
VisualStudioVersion = 15.0.26403.7
MinimumVisualStudioVersion = 10.0.40219.1
Project("{FAE04EC0-301F-11D3-BF4B-00C04F79EFBC}") = "MapSuiteGisEditor", "MapSuiteGISEditor\MapSuiteGISEditor\MapSuiteGisEditor.csproj", "{24EBC580-E02D-4D39-9F63-1912638E0F28}"
	ProjectSection(ProjectDependencies) = postProject
		{3649268C-616C-4A13-B944-0F18DB0931BD} = {3649268C-616C-4A13-B944-0F18DB0931BD}
		{FF581CDC-C6D8-4150-9F38-EA2F21D02E0D} = {FF581CDC-C6D8-4150-9F38-EA2F21D02E0D}
	EndProjectSection
EndProject
Project("{FAE04EC0-301F-11D3-BF4B-00C04F79EFBC}") = "GisEditorInfrastructure", "MapSuiteGisEditor\GisEditorInfrastructure\GisEditorInfrastructure.csproj", "{81A7C8A8-E64A-4242-8D86-2FD79D3549F5}"
EndProject
Project("{FAE04EC0-301F-11D3-BF4B-00C04F79EFBC}") = "GisEditorPluginCore", "MapSuiteGisEditor\GisEditorPluginCore\GisEditorPluginCore.csproj", "{3649268C-616C-4A13-B944-0F18DB0931BD}"
EndProject
Project("{FAE04EC0-301F-11D3-BF4B-00C04F79EFBC}") = "GisEditorTaskHost", "MapSuiteGisEditor\GisEditorTaskHost\GisEditorTaskHost.csproj", "{FF581CDC-C6D8-4150-9F38-EA2F21D02E0D}"
EndProject
Project("{FAE04EC0-301F-11D3-BF4B-00C04F79EFBC}") = "GisEditorToolkits", "MapSuiteGisEditor\GisEditorToolKits\GisEditorToolkits\GisEditorToolkits.csproj", "{99B4B46D-B52D-4EAF-98EE-C7B398575D90}"
EndProject
Project("{FAE04EC0-301F-11D3-BF4B-00C04F79EFBC}") = "WpfDesktopExtension", "MapSuiteGisEditor\WpfDesktopExtension\WpfDesktopExtension.csproj", "{5027D56D-61B7-4C7F-91C4-24B0F1F5D272}"
EndProject
Global
	GlobalSection(SolutionConfigurationPlatforms) = preSolution
		Code Analysis|Any CPU = Code Analysis|Any CPU
		Code Analysis|x86 = Code Analysis|x86
		Debug|Any CPU = Debug|Any CPU
		Debug|x86 = Debug|x86
		Evaluation|Any CPU = Evaluation|Any CPU
		Evaluation|x86 = Evaluation|x86
		FileLicense|Any CPU = FileLicense|Any CPU
		FileLicense|x86 = FileLicense|x86
		Full|Any CPU = Full|Any CPU
		Full|x86 = Full|x86
		GISEditorUnitTest|Any CPU = GISEditorUnitTest|Any CPU
		GISEditorUnitTest|x86 = GISEditorUnitTest|x86
		McNally|Any CPU = McNally|Any CPU
		McNally|x86 = McNally|x86
		Multithread|Any CPU = Multithread|Any CPU
		Multithread|x86 = Multithread|x86
		newBuildOption|Any CPU = newBuildOption|Any CPU
		newBuildOption|x86 = newBuildOption|x86
		Performance|Any CPU = Performance|Any CPU
		Performance|x86 = Performance|x86
		PRODUCTION|Any CPU = PRODUCTION|Any CPU
		PRODUCTION|x86 = PRODUCTION|x86
		ReadOnly|Any CPU = ReadOnly|Any CPU
		ReadOnly|x86 = ReadOnly|x86
		Release|Any CPU = Release|Any CPU
		Release|x86 = Release|x86
		RoutingFull|Any CPU = RoutingFull|Any CPU
		RoutingFull|x86 = RoutingFull|x86
		RunTime|Any CPU = RunTime|Any CPU
		RunTime|x86 = RunTime|x86
		TGLICENSE|Any CPU = TGLICENSE|Any CPU
		TGLICENSE|x86 = TGLICENSE|x86
		ThreadPoolEx|Any CPU = ThreadPoolEx|Any CPU
		ThreadPoolEx|x86 = ThreadPoolEx|x86
	EndGlobalSection
	GlobalSection(ProjectConfigurationPlatforms) = postSolution
		{24EBC580-E02D-4D39-9F63-1912638E0F28}.Code Analysis|Any CPU.ActiveCfg = GISEditorUnitTest|Any CPU
		{24EBC580-E02D-4D39-9F63-1912638E0F28}.Code Analysis|Any CPU.Build.0 = GISEditorUnitTest|Any CPU
		{24EBC580-E02D-4D39-9F63-1912638E0F28}.Code Analysis|x86.ActiveCfg = GISEditorUnitTest|Any CPU
		{24EBC580-E02D-4D39-9F63-1912638E0F28}.Debug|Any CPU.ActiveCfg = Debug|Any CPU
		{24EBC580-E02D-4D39-9F63-1912638E0F28}.Debug|Any CPU.Build.0 = Debug|Any CPU
		{24EBC580-E02D-4D39-9F63-1912638E0F28}.Debug|x86.ActiveCfg = Debug|Any CPU
		{24EBC580-E02D-4D39-9F63-1912638E0F28}.Evaluation|Any CPU.ActiveCfg = Evaluation|Any CPU
		{24EBC580-E02D-4D39-9F63-1912638E0F28}.Evaluation|Any CPU.Build.0 = Evaluation|Any CPU
		{24EBC580-E02D-4D39-9F63-1912638E0F28}.Evaluation|x86.ActiveCfg = Evaluation|Any CPU
		{24EBC580-E02D-4D39-9F63-1912638E0F28}.FileLicense|Any CPU.ActiveCfg = ReadOnly|Any CPU
		{24EBC580-E02D-4D39-9F63-1912638E0F28}.FileLicense|Any CPU.Build.0 = ReadOnly|Any CPU
		{24EBC580-E02D-4D39-9F63-1912638E0F28}.FileLicense|x86.ActiveCfg = ReadOnly|Any CPU
		{24EBC580-E02D-4D39-9F63-1912638E0F28}.FileLicense|x86.Build.0 = ReadOnly|Any CPU
		{24EBC580-E02D-4D39-9F63-1912638E0F28}.Full|Any CPU.ActiveCfg = GISEditorUnitTest|Any CPU
		{24EBC580-E02D-4D39-9F63-1912638E0F28}.Full|Any CPU.Build.0 = GISEditorUnitTest|Any CPU
		{24EBC580-E02D-4D39-9F63-1912638E0F28}.Full|x86.ActiveCfg = GISEditorUnitTest|Any CPU
		{24EBC580-E02D-4D39-9F63-1912638E0F28}.GISEditorUnitTest|Any CPU.ActiveCfg = GISEditorUnitTest|Any CPU
		{24EBC580-E02D-4D39-9F63-1912638E0F28}.GISEditorUnitTest|Any CPU.Build.0 = GISEditorUnitTest|Any CPU
		{24EBC580-E02D-4D39-9F63-1912638E0F28}.GISEditorUnitTest|x86.ActiveCfg = GISEditorUnitTest|Any CPU
		{24EBC580-E02D-4D39-9F63-1912638E0F28}.McNally|Any CPU.ActiveCfg = ReadOnly|Any CPU
		{24EBC580-E02D-4D39-9F63-1912638E0F28}.McNally|Any CPU.Build.0 = ReadOnly|Any CPU
		{24EBC580-E02D-4D39-9F63-1912638E0F28}.McNally|x86.ActiveCfg = ReadOnly|Any CPU
		{24EBC580-E02D-4D39-9F63-1912638E0F28}.McNally|x86.Build.0 = ReadOnly|Any CPU
		{24EBC580-E02D-4D39-9F63-1912638E0F28}.Multithread|Any CPU.ActiveCfg = ReadOnly|Any CPU
		{24EBC580-E02D-4D39-9F63-1912638E0F28}.Multithread|Any CPU.Build.0 = ReadOnly|Any CPU
		{24EBC580-E02D-4D39-9F63-1912638E0F28}.Multithread|x86.ActiveCfg = ReadOnly|Any CPU
		{24EBC580-E02D-4D39-9F63-1912638E0F28}.Multithread|x86.Build.0 = ReadOnly|Any CPU
		{24EBC580-E02D-4D39-9F63-1912638E0F28}.newBuildOption|Any CPU.ActiveCfg = GISEditorUnitTest|Any CPU
		{24EBC580-E02D-4D39-9F63-1912638E0F28}.newBuildOption|Any CPU.Build.0 = GISEditorUnitTest|Any CPU
		{24EBC580-E02D-4D39-9F63-1912638E0F28}.newBuildOption|x86.ActiveCfg = GISEditorUnitTest|Any CPU
		{24EBC580-E02D-4D39-9F63-1912638E0F28}.Performance|Any CPU.ActiveCfg = GISEditorUnitTest|Any CPU
		{24EBC580-E02D-4D39-9F63-1912638E0F28}.Performance|Any CPU.Build.0 = GISEditorUnitTest|Any CPU
		{24EBC580-E02D-4D39-9F63-1912638E0F28}.Performance|x86.ActiveCfg = GISEditorUnitTest|Any CPU
		{24EBC580-E02D-4D39-9F63-1912638E0F28}.PRODUCTION|Any CPU.ActiveCfg = Release|Any CPU
		{24EBC580-E02D-4D39-9F63-1912638E0F28}.PRODUCTION|Any CPU.Build.0 = Release|Any CPU
		{24EBC580-E02D-4D39-9F63-1912638E0F28}.PRODUCTION|x86.ActiveCfg = Release|Any CPU
		{24EBC580-E02D-4D39-9F63-1912638E0F28}.PRODUCTION|x86.Build.0 = Release|Any CPU
		{24EBC580-E02D-4D39-9F63-1912638E0F28}.ReadOnly|Any CPU.ActiveCfg = ReadOnly|Any CPU
		{24EBC580-E02D-4D39-9F63-1912638E0F28}.ReadOnly|Any CPU.Build.0 = ReadOnly|Any CPU
		{24EBC580-E02D-4D39-9F63-1912638E0F28}.ReadOnly|x86.ActiveCfg = ReadOnly|Any CPU
		{24EBC580-E02D-4D39-9F63-1912638E0F28}.ReadOnly|x86.Build.0 = ReadOnly|Any CPU
		{24EBC580-E02D-4D39-9F63-1912638E0F28}.Release|Any CPU.ActiveCfg = Release|Any CPU
		{24EBC580-E02D-4D39-9F63-1912638E0F28}.Release|Any CPU.Build.0 = Release|Any CPU
		{24EBC580-E02D-4D39-9F63-1912638E0F28}.Release|x86.ActiveCfg = Release|Any CPU
		{24EBC580-E02D-4D39-9F63-1912638E0F28}.RoutingFull|Any CPU.ActiveCfg = Release|Any CPU
		{24EBC580-E02D-4D39-9F63-1912638E0F28}.RoutingFull|Any CPU.Build.0 = Release|Any CPU
		{24EBC580-E02D-4D39-9F63-1912638E0F28}.RoutingFull|x86.ActiveCfg = Release|Any CPU
		{24EBC580-E02D-4D39-9F63-1912638E0F28}.RunTime|Any CPU.ActiveCfg = Release|Any CPU
		{24EBC580-E02D-4D39-9F63-1912638E0F28}.RunTime|Any CPU.Build.0 = Release|Any CPU
		{24EBC580-E02D-4D39-9F63-1912638E0F28}.RunTime|x86.ActiveCfg = Release|Any CPU
		{24EBC580-E02D-4D39-9F63-1912638E0F28}.TGLICENSE|Any CPU.ActiveCfg = ReadOnly|Any CPU
		{24EBC580-E02D-4D39-9F63-1912638E0F28}.TGLICENSE|Any CPU.Build.0 = ReadOnly|Any CPU
		{24EBC580-E02D-4D39-9F63-1912638E0F28}.TGLICENSE|x86.ActiveCfg = ReadOnly|Any CPU
		{24EBC580-E02D-4D39-9F63-1912638E0F28}.TGLICENSE|x86.Build.0 = ReadOnly|Any CPU
		{24EBC580-E02D-4D39-9F63-1912638E0F28}.ThreadPoolEx|Any CPU.ActiveCfg = ReadOnly|Any CPU
		{24EBC580-E02D-4D39-9F63-1912638E0F28}.ThreadPoolEx|Any CPU.Build.0 = ReadOnly|Any CPU
		{24EBC580-E02D-4D39-9F63-1912638E0F28}.ThreadPoolEx|x86.ActiveCfg = ReadOnly|Any CPU
		{24EBC580-E02D-4D39-9F63-1912638E0F28}.ThreadPoolEx|x86.Build.0 = ReadOnly|Any CPU
		{81A7C8A8-E64A-4242-8D86-2FD79D3549F5}.Code Analysis|Any CPU.ActiveCfg = GISEditorUnitTest|Any CPU
		{81A7C8A8-E64A-4242-8D86-2FD79D3549F5}.Code Analysis|Any CPU.Build.0 = GISEditorUnitTest|Any CPU
		{81A7C8A8-E64A-4242-8D86-2FD79D3549F5}.Code Analysis|x86.ActiveCfg = GISEditorUnitTest|Any CPU
		{81A7C8A8-E64A-4242-8D86-2FD79D3549F5}.Debug|Any CPU.ActiveCfg = Debug|Any CPU
		{81A7C8A8-E64A-4242-8D86-2FD79D3549F5}.Debug|Any CPU.Build.0 = Debug|Any CPU
		{81A7C8A8-E64A-4242-8D86-2FD79D3549F5}.Debug|x86.ActiveCfg = Debug|Any CPU
		{81A7C8A8-E64A-4242-8D86-2FD79D3549F5}.Evaluation|Any CPU.ActiveCfg = Evaluation|Any CPU
		{81A7C8A8-E64A-4242-8D86-2FD79D3549F5}.Evaluation|Any CPU.Build.0 = Evaluation|Any CPU
		{81A7C8A8-E64A-4242-8D86-2FD79D3549F5}.Evaluation|x86.ActiveCfg = Evaluation|Any CPU
		{81A7C8A8-E64A-4242-8D86-2FD79D3549F5}.FileLicense|Any CPU.ActiveCfg = ReadOnly|Any CPU
		{81A7C8A8-E64A-4242-8D86-2FD79D3549F5}.FileLicense|Any CPU.Build.0 = ReadOnly|Any CPU
		{81A7C8A8-E64A-4242-8D86-2FD79D3549F5}.FileLicense|x86.ActiveCfg = ReadOnly|Any CPU
		{81A7C8A8-E64A-4242-8D86-2FD79D3549F5}.FileLicense|x86.Build.0 = ReadOnly|Any CPU
		{81A7C8A8-E64A-4242-8D86-2FD79D3549F5}.Full|Any CPU.ActiveCfg = GISEditorUnitTest|Any CPU
		{81A7C8A8-E64A-4242-8D86-2FD79D3549F5}.Full|Any CPU.Build.0 = GISEditorUnitTest|Any CPU
		{81A7C8A8-E64A-4242-8D86-2FD79D3549F5}.Full|x86.ActiveCfg = GISEditorUnitTest|Any CPU
		{81A7C8A8-E64A-4242-8D86-2FD79D3549F5}.GISEditorUnitTest|Any CPU.ActiveCfg = GISEditorUnitTest|Any CPU
		{81A7C8A8-E64A-4242-8D86-2FD79D3549F5}.GISEditorUnitTest|Any CPU.Build.0 = GISEditorUnitTest|Any CPU
		{81A7C8A8-E64A-4242-8D86-2FD79D3549F5}.GISEditorUnitTest|x86.ActiveCfg = GISEditorUnitTest|Any CPU
		{81A7C8A8-E64A-4242-8D86-2FD79D3549F5}.McNally|Any CPU.ActiveCfg = ReadOnly|Any CPU
		{81A7C8A8-E64A-4242-8D86-2FD79D3549F5}.McNally|Any CPU.Build.0 = ReadOnly|Any CPU
		{81A7C8A8-E64A-4242-8D86-2FD79D3549F5}.McNally|x86.ActiveCfg = ReadOnly|Any CPU
		{81A7C8A8-E64A-4242-8D86-2FD79D3549F5}.McNally|x86.Build.0 = ReadOnly|Any CPU
		{81A7C8A8-E64A-4242-8D86-2FD79D3549F5}.Multithread|Any CPU.ActiveCfg = ReadOnly|Any CPU
		{81A7C8A8-E64A-4242-8D86-2FD79D3549F5}.Multithread|Any CPU.Build.0 = ReadOnly|Any CPU
		{81A7C8A8-E64A-4242-8D86-2FD79D3549F5}.Multithread|x86.ActiveCfg = ReadOnly|Any CPU
		{81A7C8A8-E64A-4242-8D86-2FD79D3549F5}.Multithread|x86.Build.0 = ReadOnly|Any CPU
		{81A7C8A8-E64A-4242-8D86-2FD79D3549F5}.newBuildOption|Any CPU.ActiveCfg = GISEditorUnitTest|Any CPU
		{81A7C8A8-E64A-4242-8D86-2FD79D3549F5}.newBuildOption|Any CPU.Build.0 = GISEditorUnitTest|Any CPU
		{81A7C8A8-E64A-4242-8D86-2FD79D3549F5}.newBuildOption|x86.ActiveCfg = GISEditorUnitTest|Any CPU
		{81A7C8A8-E64A-4242-8D86-2FD79D3549F5}.Performance|Any CPU.ActiveCfg = GISEditorUnitTest|Any CPU
		{81A7C8A8-E64A-4242-8D86-2FD79D3549F5}.Performance|Any CPU.Build.0 = GISEditorUnitTest|Any CPU
		{81A7C8A8-E64A-4242-8D86-2FD79D3549F5}.Performance|x86.ActiveCfg = GISEditorUnitTest|Any CPU
		{81A7C8A8-E64A-4242-8D86-2FD79D3549F5}.PRODUCTION|Any CPU.ActiveCfg = Release|Any CPU
		{81A7C8A8-E64A-4242-8D86-2FD79D3549F5}.PRODUCTION|Any CPU.Build.0 = Release|Any CPU
		{81A7C8A8-E64A-4242-8D86-2FD79D3549F5}.PRODUCTION|x86.ActiveCfg = Release|Any CPU
		{81A7C8A8-E64A-4242-8D86-2FD79D3549F5}.PRODUCTION|x86.Build.0 = Release|Any CPU
		{81A7C8A8-E64A-4242-8D86-2FD79D3549F5}.ReadOnly|Any CPU.ActiveCfg = ReadOnly|Any CPU
		{81A7C8A8-E64A-4242-8D86-2FD79D3549F5}.ReadOnly|Any CPU.Build.0 = ReadOnly|Any CPU
		{81A7C8A8-E64A-4242-8D86-2FD79D3549F5}.ReadOnly|x86.ActiveCfg = ReadOnly|Any CPU
		{81A7C8A8-E64A-4242-8D86-2FD79D3549F5}.ReadOnly|x86.Build.0 = ReadOnly|Any CPU
		{81A7C8A8-E64A-4242-8D86-2FD79D3549F5}.Release|Any CPU.ActiveCfg = Release|Any CPU
		{81A7C8A8-E64A-4242-8D86-2FD79D3549F5}.Release|Any CPU.Build.0 = Release|Any CPU
		{81A7C8A8-E64A-4242-8D86-2FD79D3549F5}.Release|x86.ActiveCfg = Release|Any CPU
		{81A7C8A8-E64A-4242-8D86-2FD79D3549F5}.RoutingFull|Any CPU.ActiveCfg = Release|Any CPU
		{81A7C8A8-E64A-4242-8D86-2FD79D3549F5}.RoutingFull|Any CPU.Build.0 = Release|Any CPU
		{81A7C8A8-E64A-4242-8D86-2FD79D3549F5}.RoutingFull|x86.ActiveCfg = Release|Any CPU
		{81A7C8A8-E64A-4242-8D86-2FD79D3549F5}.RunTime|Any CPU.ActiveCfg = Release|Any CPU
		{81A7C8A8-E64A-4242-8D86-2FD79D3549F5}.RunTime|Any CPU.Build.0 = Release|Any CPU
		{81A7C8A8-E64A-4242-8D86-2FD79D3549F5}.RunTime|x86.ActiveCfg = Release|Any CPU
		{81A7C8A8-E64A-4242-8D86-2FD79D3549F5}.TGLICENSE|Any CPU.ActiveCfg = ReadOnly|Any CPU
		{81A7C8A8-E64A-4242-8D86-2FD79D3549F5}.TGLICENSE|Any CPU.Build.0 = ReadOnly|Any CPU
		{81A7C8A8-E64A-4242-8D86-2FD79D3549F5}.TGLICENSE|x86.ActiveCfg = ReadOnly|Any CPU
		{81A7C8A8-E64A-4242-8D86-2FD79D3549F5}.TGLICENSE|x86.Build.0 = ReadOnly|Any CPU
		{81A7C8A8-E64A-4242-8D86-2FD79D3549F5}.ThreadPoolEx|Any CPU.ActiveCfg = ReadOnly|Any CPU
		{81A7C8A8-E64A-4242-8D86-2FD79D3549F5}.ThreadPoolEx|Any CPU.Build.0 = ReadOnly|Any CPU
		{81A7C8A8-E64A-4242-8D86-2FD79D3549F5}.ThreadPoolEx|x86.ActiveCfg = ReadOnly|Any CPU
		{81A7C8A8-E64A-4242-8D86-2FD79D3549F5}.ThreadPoolEx|x86.Build.0 = ReadOnly|Any CPU
		{3649268C-616C-4A13-B944-0F18DB0931BD}.Code Analysis|Any CPU.ActiveCfg = GISEditorUnitTest|Any CPU
		{3649268C-616C-4A13-B944-0F18DB0931BD}.Code Analysis|Any CPU.Build.0 = GISEditorUnitTest|Any CPU
		{3649268C-616C-4A13-B944-0F18DB0931BD}.Code Analysis|x86.ActiveCfg = GISEditorUnitTest|Any CPU
		{3649268C-616C-4A13-B944-0F18DB0931BD}.Debug|Any CPU.ActiveCfg = Debug|Any CPU
		{3649268C-616C-4A13-B944-0F18DB0931BD}.Debug|Any CPU.Build.0 = Debug|Any CPU
		{3649268C-616C-4A13-B944-0F18DB0931BD}.Debug|x86.ActiveCfg = Debug|Any CPU
		{3649268C-616C-4A13-B944-0F18DB0931BD}.Evaluation|Any CPU.ActiveCfg = GISEditorUnitTest|Any CPU
		{3649268C-616C-4A13-B944-0F18DB0931BD}.Evaluation|Any CPU.Build.0 = GISEditorUnitTest|Any CPU
		{3649268C-616C-4A13-B944-0F18DB0931BD}.Evaluation|x86.ActiveCfg = GISEditorUnitTest|Any CPU
		{3649268C-616C-4A13-B944-0F18DB0931BD}.FileLicense|Any CPU.ActiveCfg = ReadOnly|Any CPU
		{3649268C-616C-4A13-B944-0F18DB0931BD}.FileLicense|Any CPU.Build.0 = ReadOnly|Any CPU
		{3649268C-616C-4A13-B944-0F18DB0931BD}.FileLicense|x86.ActiveCfg = ReadOnly|Any CPU
		{3649268C-616C-4A13-B944-0F18DB0931BD}.FileLicense|x86.Build.0 = ReadOnly|Any CPU
		{3649268C-616C-4A13-B944-0F18DB0931BD}.Full|Any CPU.ActiveCfg = GISEditorUnitTest|Any CPU
		{3649268C-616C-4A13-B944-0F18DB0931BD}.Full|Any CPU.Build.0 = GISEditorUnitTest|Any CPU
		{3649268C-616C-4A13-B944-0F18DB0931BD}.Full|x86.ActiveCfg = GISEditorUnitTest|Any CPU
		{3649268C-616C-4A13-B944-0F18DB0931BD}.GISEditorUnitTest|Any CPU.ActiveCfg = GISEditorUnitTest|Any CPU
		{3649268C-616C-4A13-B944-0F18DB0931BD}.GISEditorUnitTest|Any CPU.Build.0 = GISEditorUnitTest|Any CPU
		{3649268C-616C-4A13-B944-0F18DB0931BD}.GISEditorUnitTest|x86.ActiveCfg = GISEditorUnitTest|Any CPU
		{3649268C-616C-4A13-B944-0F18DB0931BD}.McNally|Any CPU.ActiveCfg = ReadOnly|Any CPU
		{3649268C-616C-4A13-B944-0F18DB0931BD}.McNally|Any CPU.Build.0 = ReadOnly|Any CPU
		{3649268C-616C-4A13-B944-0F18DB0931BD}.McNally|x86.ActiveCfg = ReadOnly|Any CPU
		{3649268C-616C-4A13-B944-0F18DB0931BD}.McNally|x86.Build.0 = ReadOnly|Any CPU
		{3649268C-616C-4A13-B944-0F18DB0931BD}.Multithread|Any CPU.ActiveCfg = ReadOnly|Any CPU
		{3649268C-616C-4A13-B944-0F18DB0931BD}.Multithread|Any CPU.Build.0 = ReadOnly|Any CPU
		{3649268C-616C-4A13-B944-0F18DB0931BD}.Multithread|x86.ActiveCfg = ReadOnly|Any CPU
		{3649268C-616C-4A13-B944-0F18DB0931BD}.Multithread|x86.Build.0 = ReadOnly|Any CPU
		{3649268C-616C-4A13-B944-0F18DB0931BD}.newBuildOption|Any CPU.ActiveCfg = GISEditorUnitTest|Any CPU
		{3649268C-616C-4A13-B944-0F18DB0931BD}.newBuildOption|Any CPU.Build.0 = GISEditorUnitTest|Any CPU
		{3649268C-616C-4A13-B944-0F18DB0931BD}.newBuildOption|x86.ActiveCfg = GISEditorUnitTest|Any CPU
		{3649268C-616C-4A13-B944-0F18DB0931BD}.Performance|Any CPU.ActiveCfg = GISEditorUnitTest|Any CPU
		{3649268C-616C-4A13-B944-0F18DB0931BD}.Performance|Any CPU.Build.0 = GISEditorUnitTest|Any CPU
		{3649268C-616C-4A13-B944-0F18DB0931BD}.Performance|x86.ActiveCfg = GISEditorUnitTest|Any CPU
		{3649268C-616C-4A13-B944-0F18DB0931BD}.PRODUCTION|Any CPU.ActiveCfg = Release|Any CPU
		{3649268C-616C-4A13-B944-0F18DB0931BD}.PRODUCTION|Any CPU.Build.0 = Release|Any CPU
		{3649268C-616C-4A13-B944-0F18DB0931BD}.PRODUCTION|x86.ActiveCfg = Release|Any CPU
		{3649268C-616C-4A13-B944-0F18DB0931BD}.PRODUCTION|x86.Build.0 = Release|Any CPU
		{3649268C-616C-4A13-B944-0F18DB0931BD}.ReadOnly|Any CPU.ActiveCfg = ReadOnly|Any CPU
		{3649268C-616C-4A13-B944-0F18DB0931BD}.ReadOnly|Any CPU.Build.0 = ReadOnly|Any CPU
		{3649268C-616C-4A13-B944-0F18DB0931BD}.ReadOnly|x86.ActiveCfg = ReadOnly|Any CPU
		{3649268C-616C-4A13-B944-0F18DB0931BD}.ReadOnly|x86.Build.0 = ReadOnly|Any CPU
		{3649268C-616C-4A13-B944-0F18DB0931BD}.Release|Any CPU.ActiveCfg = Release|Any CPU
		{3649268C-616C-4A13-B944-0F18DB0931BD}.Release|Any CPU.Build.0 = Release|Any CPU
		{3649268C-616C-4A13-B944-0F18DB0931BD}.Release|x86.ActiveCfg = Release|Any CPU
		{3649268C-616C-4A13-B944-0F18DB0931BD}.RoutingFull|Any CPU.ActiveCfg = Release|Any CPU
		{3649268C-616C-4A13-B944-0F18DB0931BD}.RoutingFull|Any CPU.Build.0 = Release|Any CPU
		{3649268C-616C-4A13-B944-0F18DB0931BD}.RoutingFull|x86.ActiveCfg = Release|Any CPU
		{3649268C-616C-4A13-B944-0F18DB0931BD}.RunTime|Any CPU.ActiveCfg = Release|Any CPU
		{3649268C-616C-4A13-B944-0F18DB0931BD}.RunTime|Any CPU.Build.0 = Release|Any CPU
		{3649268C-616C-4A13-B944-0F18DB0931BD}.RunTime|x86.ActiveCfg = Release|Any CPU
		{3649268C-616C-4A13-B944-0F18DB0931BD}.TGLICENSE|Any CPU.ActiveCfg = ReadOnly|Any CPU
		{3649268C-616C-4A13-B944-0F18DB0931BD}.TGLICENSE|Any CPU.Build.0 = ReadOnly|Any CPU
		{3649268C-616C-4A13-B944-0F18DB0931BD}.TGLICENSE|x86.ActiveCfg = ReadOnly|Any CPU
		{3649268C-616C-4A13-B944-0F18DB0931BD}.TGLICENSE|x86.Build.0 = ReadOnly|Any CPU
		{3649268C-616C-4A13-B944-0F18DB0931BD}.ThreadPoolEx|Any CPU.ActiveCfg = ReadOnly|Any CPU
		{3649268C-616C-4A13-B944-0F18DB0931BD}.ThreadPoolEx|Any CPU.Build.0 = ReadOnly|Any CPU
		{3649268C-616C-4A13-B944-0F18DB0931BD}.ThreadPoolEx|x86.ActiveCfg = ReadOnly|Any CPU
		{3649268C-616C-4A13-B944-0F18DB0931BD}.ThreadPoolEx|x86.Build.0 = ReadOnly|Any CPU
		{FF581CDC-C6D8-4150-9F38-EA2F21D02E0D}.Code Analysis|Any CPU.ActiveCfg = GISEditorUnitTest|Any CPU
		{FF581CDC-C6D8-4150-9F38-EA2F21D02E0D}.Code Analysis|Any CPU.Build.0 = GISEditorUnitTest|Any CPU
		{FF581CDC-C6D8-4150-9F38-EA2F21D02E0D}.Code Analysis|x86.ActiveCfg = GISEditorUnitTest|Any CPU
		{FF581CDC-C6D8-4150-9F38-EA2F21D02E0D}.Debug|Any CPU.ActiveCfg = Debug|Any CPU
		{FF581CDC-C6D8-4150-9F38-EA2F21D02E0D}.Debug|Any CPU.Build.0 = Debug|Any CPU
		{FF581CDC-C6D8-4150-9F38-EA2F21D02E0D}.Debug|x86.ActiveCfg = Debug|x86
		{FF581CDC-C6D8-4150-9F38-EA2F21D02E0D}.Debug|x86.Build.0 = Debug|x86
		{FF581CDC-C6D8-4150-9F38-EA2F21D02E0D}.Evaluation|Any CPU.ActiveCfg = GISEditorUnitTest|Any CPU
		{FF581CDC-C6D8-4150-9F38-EA2F21D02E0D}.Evaluation|Any CPU.Build.0 = GISEditorUnitTest|Any CPU
		{FF581CDC-C6D8-4150-9F38-EA2F21D02E0D}.Evaluation|x86.ActiveCfg = GISEditorUnitTest|Any CPU
		{FF581CDC-C6D8-4150-9F38-EA2F21D02E0D}.FileLicense|Any CPU.ActiveCfg = ReadOnly|Any CPU
		{FF581CDC-C6D8-4150-9F38-EA2F21D02E0D}.FileLicense|Any CPU.Build.0 = ReadOnly|Any CPU
		{FF581CDC-C6D8-4150-9F38-EA2F21D02E0D}.FileLicense|x86.ActiveCfg = ReadOnly|x86
		{FF581CDC-C6D8-4150-9F38-EA2F21D02E0D}.FileLicense|x86.Build.0 = ReadOnly|x86
		{FF581CDC-C6D8-4150-9F38-EA2F21D02E0D}.Full|Any CPU.ActiveCfg = GISEditorUnitTest|Any CPU
		{FF581CDC-C6D8-4150-9F38-EA2F21D02E0D}.Full|Any CPU.Build.0 = GISEditorUnitTest|Any CPU
		{FF581CDC-C6D8-4150-9F38-EA2F21D02E0D}.Full|x86.ActiveCfg = GISEditorUnitTest|Any CPU
		{FF581CDC-C6D8-4150-9F38-EA2F21D02E0D}.GISEditorUnitTest|Any CPU.ActiveCfg = GISEditorUnitTest|Any CPU
		{FF581CDC-C6D8-4150-9F38-EA2F21D02E0D}.GISEditorUnitTest|Any CPU.Build.0 = GISEditorUnitTest|Any CPU
		{FF581CDC-C6D8-4150-9F38-EA2F21D02E0D}.GISEditorUnitTest|x86.ActiveCfg = GISEditorUnitTest|x86
		{FF581CDC-C6D8-4150-9F38-EA2F21D02E0D}.GISEditorUnitTest|x86.Build.0 = GISEditorUnitTest|x86
		{FF581CDC-C6D8-4150-9F38-EA2F21D02E0D}.McNally|Any CPU.ActiveCfg = ReadOnly|Any CPU
		{FF581CDC-C6D8-4150-9F38-EA2F21D02E0D}.McNally|Any CPU.Build.0 = ReadOnly|Any CPU
		{FF581CDC-C6D8-4150-9F38-EA2F21D02E0D}.McNally|x86.ActiveCfg = ReadOnly|x86
		{FF581CDC-C6D8-4150-9F38-EA2F21D02E0D}.McNally|x86.Build.0 = ReadOnly|x86
		{FF581CDC-C6D8-4150-9F38-EA2F21D02E0D}.Multithread|Any CPU.ActiveCfg = ReadOnly|Any CPU
		{FF581CDC-C6D8-4150-9F38-EA2F21D02E0D}.Multithread|Any CPU.Build.0 = ReadOnly|Any CPU
		{FF581CDC-C6D8-4150-9F38-EA2F21D02E0D}.Multithread|x86.ActiveCfg = ReadOnly|x86
		{FF581CDC-C6D8-4150-9F38-EA2F21D02E0D}.Multithread|x86.Build.0 = ReadOnly|x86
		{FF581CDC-C6D8-4150-9F38-EA2F21D02E0D}.newBuildOption|Any CPU.ActiveCfg = GISEditorUnitTest|Any CPU
		{FF581CDC-C6D8-4150-9F38-EA2F21D02E0D}.newBuildOption|Any CPU.Build.0 = GISEditorUnitTest|Any CPU
		{FF581CDC-C6D8-4150-9F38-EA2F21D02E0D}.newBuildOption|x86.ActiveCfg = GISEditorUnitTest|Any CPU
		{FF581CDC-C6D8-4150-9F38-EA2F21D02E0D}.Performance|Any CPU.ActiveCfg = GISEditorUnitTest|Any CPU
		{FF581CDC-C6D8-4150-9F38-EA2F21D02E0D}.Performance|Any CPU.Build.0 = GISEditorUnitTest|Any CPU
		{FF581CDC-C6D8-4150-9F38-EA2F21D02E0D}.Performance|x86.ActiveCfg = GISEditorUnitTest|Any CPU
		{FF581CDC-C6D8-4150-9F38-EA2F21D02E0D}.PRODUCTION|Any CPU.ActiveCfg = Release|Any CPU
		{FF581CDC-C6D8-4150-9F38-EA2F21D02E0D}.PRODUCTION|Any CPU.Build.0 = Release|Any CPU
		{FF581CDC-C6D8-4150-9F38-EA2F21D02E0D}.PRODUCTION|x86.ActiveCfg = Release|x86
		{FF581CDC-C6D8-4150-9F38-EA2F21D02E0D}.PRODUCTION|x86.Build.0 = Release|x86
		{FF581CDC-C6D8-4150-9F38-EA2F21D02E0D}.ReadOnly|Any CPU.ActiveCfg = ReadOnly|Any CPU
		{FF581CDC-C6D8-4150-9F38-EA2F21D02E0D}.ReadOnly|Any CPU.Build.0 = ReadOnly|Any CPU
		{FF581CDC-C6D8-4150-9F38-EA2F21D02E0D}.ReadOnly|x86.ActiveCfg = ReadOnly|x86
		{FF581CDC-C6D8-4150-9F38-EA2F21D02E0D}.ReadOnly|x86.Build.0 = ReadOnly|x86
		{FF581CDC-C6D8-4150-9F38-EA2F21D02E0D}.Release|Any CPU.ActiveCfg = Release|Any CPU
		{FF581CDC-C6D8-4150-9F38-EA2F21D02E0D}.Release|Any CPU.Build.0 = Release|Any CPU
		{FF581CDC-C6D8-4150-9F38-EA2F21D02E0D}.Release|x86.ActiveCfg = Release|x86
		{FF581CDC-C6D8-4150-9F38-EA2F21D02E0D}.Release|x86.Build.0 = Release|x86
		{FF581CDC-C6D8-4150-9F38-EA2F21D02E0D}.RoutingFull|Any CPU.ActiveCfg = Release|Any CPU
		{FF581CDC-C6D8-4150-9F38-EA2F21D02E0D}.RoutingFull|Any CPU.Build.0 = Release|Any CPU
		{FF581CDC-C6D8-4150-9F38-EA2F21D02E0D}.RoutingFull|x86.ActiveCfg = Release|Any CPU
		{FF581CDC-C6D8-4150-9F38-EA2F21D02E0D}.RunTime|Any CPU.ActiveCfg = Release|Any CPU
		{FF581CDC-C6D8-4150-9F38-EA2F21D02E0D}.RunTime|Any CPU.Build.0 = Release|Any CPU
		{FF581CDC-C6D8-4150-9F38-EA2F21D02E0D}.RunTime|x86.ActiveCfg = Release|Any CPU
		{FF581CDC-C6D8-4150-9F38-EA2F21D02E0D}.TGLICENSE|Any CPU.ActiveCfg = ReadOnly|Any CPU
		{FF581CDC-C6D8-4150-9F38-EA2F21D02E0D}.TGLICENSE|Any CPU.Build.0 = ReadOnly|Any CPU
		{FF581CDC-C6D8-4150-9F38-EA2F21D02E0D}.TGLICENSE|x86.ActiveCfg = ReadOnly|x86
		{FF581CDC-C6D8-4150-9F38-EA2F21D02E0D}.TGLICENSE|x86.Build.0 = ReadOnly|x86
		{FF581CDC-C6D8-4150-9F38-EA2F21D02E0D}.ThreadPoolEx|Any CPU.ActiveCfg = ReadOnly|Any CPU
		{FF581CDC-C6D8-4150-9F38-EA2F21D02E0D}.ThreadPoolEx|Any CPU.Build.0 = ReadOnly|Any CPU
		{FF581CDC-C6D8-4150-9F38-EA2F21D02E0D}.ThreadPoolEx|x86.ActiveCfg = ReadOnly|x86
		{FF581CDC-C6D8-4150-9F38-EA2F21D02E0D}.ThreadPoolEx|x86.Build.0 = ReadOnly|x86
		{99B4B46D-B52D-4EAF-98EE-C7B398575D90}.Code Analysis|Any CPU.ActiveCfg = ReadOnly|Any CPU
		{99B4B46D-B52D-4EAF-98EE-C7B398575D90}.Code Analysis|Any CPU.Build.0 = ReadOnly|Any CPU
		{99B4B46D-B52D-4EAF-98EE-C7B398575D90}.Code Analysis|x86.ActiveCfg = ReadOnly|Any CPU
		{99B4B46D-B52D-4EAF-98EE-C7B398575D90}.Code Analysis|x86.Build.0 = ReadOnly|Any CPU
		{99B4B46D-B52D-4EAF-98EE-C7B398575D90}.Debug|Any CPU.ActiveCfg = Debug|Any CPU
		{99B4B46D-B52D-4EAF-98EE-C7B398575D90}.Debug|Any CPU.Build.0 = Debug|Any CPU
		{99B4B46D-B52D-4EAF-98EE-C7B398575D90}.Debug|x86.ActiveCfg = Debug|Any CPU
		{99B4B46D-B52D-4EAF-98EE-C7B398575D90}.Debug|x86.Build.0 = Debug|Any CPU
		{99B4B46D-B52D-4EAF-98EE-C7B398575D90}.Evaluation|Any CPU.ActiveCfg = ReadOnly|Any CPU
		{99B4B46D-B52D-4EAF-98EE-C7B398575D90}.Evaluation|Any CPU.Build.0 = ReadOnly|Any CPU
		{99B4B46D-B52D-4EAF-98EE-C7B398575D90}.Evaluation|x86.ActiveCfg = ReadOnly|Any CPU
		{99B4B46D-B52D-4EAF-98EE-C7B398575D90}.Evaluation|x86.Build.0 = ReadOnly|Any CPU
		{99B4B46D-B52D-4EAF-98EE-C7B398575D90}.FileLicense|Any CPU.ActiveCfg = ReadOnly|Any CPU
		{99B4B46D-B52D-4EAF-98EE-C7B398575D90}.FileLicense|Any CPU.Build.0 = ReadOnly|Any CPU
		{99B4B46D-B52D-4EAF-98EE-C7B398575D90}.FileLicense|x86.ActiveCfg = ReadOnly|Any CPU
		{99B4B46D-B52D-4EAF-98EE-C7B398575D90}.FileLicense|x86.Build.0 = ReadOnly|Any CPU
		{99B4B46D-B52D-4EAF-98EE-C7B398575D90}.Full|Any CPU.ActiveCfg = ReadOnly|Any CPU
		{99B4B46D-B52D-4EAF-98EE-C7B398575D90}.Full|Any CPU.Build.0 = ReadOnly|Any CPU
		{99B4B46D-B52D-4EAF-98EE-C7B398575D90}.Full|x86.ActiveCfg = ReadOnly|Any CPU
		{99B4B46D-B52D-4EAF-98EE-C7B398575D90}.Full|x86.Build.0 = ReadOnly|Any CPU
		{99B4B46D-B52D-4EAF-98EE-C7B398575D90}.GISEditorUnitTest|Any CPU.ActiveCfg = ReadOnly|Any CPU
		{99B4B46D-B52D-4EAF-98EE-C7B398575D90}.GISEditorUnitTest|Any CPU.Build.0 = ReadOnly|Any CPU
		{99B4B46D-B52D-4EAF-98EE-C7B398575D90}.GISEditorUnitTest|x86.ActiveCfg = ReadOnly|Any CPU
		{99B4B46D-B52D-4EAF-98EE-C7B398575D90}.GISEditorUnitTest|x86.Build.0 = ReadOnly|Any CPU
		{99B4B46D-B52D-4EAF-98EE-C7B398575D90}.McNally|Any CPU.ActiveCfg = ReadOnly|Any CPU
		{99B4B46D-B52D-4EAF-98EE-C7B398575D90}.McNally|Any CPU.Build.0 = ReadOnly|Any CPU
		{99B4B46D-B52D-4EAF-98EE-C7B398575D90}.McNally|x86.ActiveCfg = ReadOnly|Any CPU
		{99B4B46D-B52D-4EAF-98EE-C7B398575D90}.McNally|x86.Build.0 = ReadOnly|Any CPU
		{99B4B46D-B52D-4EAF-98EE-C7B398575D90}.Multithread|Any CPU.ActiveCfg = ReadOnly|Any CPU
		{99B4B46D-B52D-4EAF-98EE-C7B398575D90}.Multithread|Any CPU.Build.0 = ReadOnly|Any CPU
		{99B4B46D-B52D-4EAF-98EE-C7B398575D90}.Multithread|x86.ActiveCfg = ReadOnly|Any CPU
		{99B4B46D-B52D-4EAF-98EE-C7B398575D90}.Multithread|x86.Build.0 = ReadOnly|Any CPU
		{99B4B46D-B52D-4EAF-98EE-C7B398575D90}.newBuildOption|Any CPU.ActiveCfg = ReadOnly|Any CPU
		{99B4B46D-B52D-4EAF-98EE-C7B398575D90}.newBuildOption|Any CPU.Build.0 = ReadOnly|Any CPU
		{99B4B46D-B52D-4EAF-98EE-C7B398575D90}.newBuildOption|x86.ActiveCfg = ReadOnly|Any CPU
		{99B4B46D-B52D-4EAF-98EE-C7B398575D90}.newBuildOption|x86.Build.0 = ReadOnly|Any CPU
		{99B4B46D-B52D-4EAF-98EE-C7B398575D90}.Performance|Any CPU.ActiveCfg = ReadOnly|Any CPU
		{99B4B46D-B52D-4EAF-98EE-C7B398575D90}.Performance|Any CPU.Build.0 = ReadOnly|Any CPU
		{99B4B46D-B52D-4EAF-98EE-C7B398575D90}.Performance|x86.ActiveCfg = ReadOnly|Any CPU
		{99B4B46D-B52D-4EAF-98EE-C7B398575D90}.Performance|x86.Build.0 = ReadOnly|Any CPU
		{99B4B46D-B52D-4EAF-98EE-C7B398575D90}.PRODUCTION|Any CPU.ActiveCfg = Release|Any CPU
		{99B4B46D-B52D-4EAF-98EE-C7B398575D90}.PRODUCTION|Any CPU.Build.0 = Release|Any CPU
		{99B4B46D-B52D-4EAF-98EE-C7B398575D90}.PRODUCTION|x86.ActiveCfg = Release|Any CPU
		{99B4B46D-B52D-4EAF-98EE-C7B398575D90}.PRODUCTION|x86.Build.0 = Release|Any CPU
		{99B4B46D-B52D-4EAF-98EE-C7B398575D90}.ReadOnly|Any CPU.ActiveCfg = ReadOnly|Any CPU
		{99B4B46D-B52D-4EAF-98EE-C7B398575D90}.ReadOnly|Any CPU.Build.0 = ReadOnly|Any CPU
		{99B4B46D-B52D-4EAF-98EE-C7B398575D90}.ReadOnly|x86.ActiveCfg = ReadOnly|Any CPU
		{99B4B46D-B52D-4EAF-98EE-C7B398575D90}.ReadOnly|x86.Build.0 = ReadOnly|Any CPU
		{99B4B46D-B52D-4EAF-98EE-C7B398575D90}.Release|Any CPU.ActiveCfg = Release|Any CPU
		{99B4B46D-B52D-4EAF-98EE-C7B398575D90}.Release|Any CPU.Build.0 = Release|Any CPU
		{99B4B46D-B52D-4EAF-98EE-C7B398575D90}.Release|x86.ActiveCfg = Release|Any CPU
		{99B4B46D-B52D-4EAF-98EE-C7B398575D90}.Release|x86.Build.0 = Release|Any CPU
		{99B4B46D-B52D-4EAF-98EE-C7B398575D90}.RoutingFull|Any CPU.ActiveCfg = ReadOnly|Any CPU
		{99B4B46D-B52D-4EAF-98EE-C7B398575D90}.RoutingFull|Any CPU.Build.0 = ReadOnly|Any CPU
		{99B4B46D-B52D-4EAF-98EE-C7B398575D90}.RoutingFull|x86.ActiveCfg = ReadOnly|Any CPU
		{99B4B46D-B52D-4EAF-98EE-C7B398575D90}.RoutingFull|x86.Build.0 = ReadOnly|Any CPU
		{99B4B46D-B52D-4EAF-98EE-C7B398575D90}.RunTime|Any CPU.ActiveCfg = ReadOnly|Any CPU
		{99B4B46D-B52D-4EAF-98EE-C7B398575D90}.RunTime|Any CPU.Build.0 = ReadOnly|Any CPU
		{99B4B46D-B52D-4EAF-98EE-C7B398575D90}.RunTime|x86.ActiveCfg = ReadOnly|Any CPU
		{99B4B46D-B52D-4EAF-98EE-C7B398575D90}.RunTime|x86.Build.0 = ReadOnly|Any CPU
		{99B4B46D-B52D-4EAF-98EE-C7B398575D90}.TGLICENSE|Any CPU.ActiveCfg = ReadOnly|Any CPU
		{99B4B46D-B52D-4EAF-98EE-C7B398575D90}.TGLICENSE|Any CPU.Build.0 = ReadOnly|Any CPU
		{99B4B46D-B52D-4EAF-98EE-C7B398575D90}.TGLICENSE|x86.ActiveCfg = ReadOnly|Any CPU
		{99B4B46D-B52D-4EAF-98EE-C7B398575D90}.TGLICENSE|x86.Build.0 = ReadOnly|Any CPU
		{99B4B46D-B52D-4EAF-98EE-C7B398575D90}.ThreadPoolEx|Any CPU.ActiveCfg = ReadOnly|Any CPU
		{99B4B46D-B52D-4EAF-98EE-C7B398575D90}.ThreadPoolEx|Any CPU.Build.0 = ReadOnly|Any CPU
		{99B4B46D-B52D-4EAF-98EE-C7B398575D90}.ThreadPoolEx|x86.ActiveCfg = ReadOnly|Any CPU
		{99B4B46D-B52D-4EAF-98EE-C7B398575D90}.ThreadPoolEx|x86.Build.0 = ReadOnly|Any CPU
		{5027D56D-61B7-4C7F-91C4-24B0F1F5D272}.Code Analysis|Any CPU.ActiveCfg = ReadOnly|Any CPU
		{5027D56D-61B7-4C7F-91C4-24B0F1F5D272}.Code Analysis|Any CPU.Build.0 = ReadOnly|Any CPU
		{5027D56D-61B7-4C7F-91C4-24B0F1F5D272}.Code Analysis|x86.ActiveCfg = ReadOnly|Any CPU
		{5027D56D-61B7-4C7F-91C4-24B0F1F5D272}.Code Analysis|x86.Build.0 = ReadOnly|Any CPU
		{5027D56D-61B7-4C7F-91C4-24B0F1F5D272}.Debug|Any CPU.ActiveCfg = Debug|Any CPU
		{5027D56D-61B7-4C7F-91C4-24B0F1F5D272}.Debug|Any CPU.Build.0 = Debug|Any CPU
		{5027D56D-61B7-4C7F-91C4-24B0F1F5D272}.Debug|x86.ActiveCfg = Debug|Any CPU
		{5027D56D-61B7-4C7F-91C4-24B0F1F5D272}.Debug|x86.Build.0 = Debug|Any CPU
		{5027D56D-61B7-4C7F-91C4-24B0F1F5D272}.Evaluation|Any CPU.ActiveCfg = ReadOnly|Any CPU
		{5027D56D-61B7-4C7F-91C4-24B0F1F5D272}.Evaluation|Any CPU.Build.0 = ReadOnly|Any CPU
		{5027D56D-61B7-4C7F-91C4-24B0F1F5D272}.Evaluation|x86.ActiveCfg = ReadOnly|Any CPU
		{5027D56D-61B7-4C7F-91C4-24B0F1F5D272}.Evaluation|x86.Build.0 = ReadOnly|Any CPU
		{5027D56D-61B7-4C7F-91C4-24B0F1F5D272}.FileLicense|Any CPU.ActiveCfg = ReadOnly|Any CPU
		{5027D56D-61B7-4C7F-91C4-24B0F1F5D272}.FileLicense|Any CPU.Build.0 = ReadOnly|Any CPU
		{5027D56D-61B7-4C7F-91C4-24B0F1F5D272}.FileLicense|x86.ActiveCfg = ReadOnly|Any CPU
		{5027D56D-61B7-4C7F-91C4-24B0F1F5D272}.FileLicense|x86.Build.0 = ReadOnly|Any CPU
		{5027D56D-61B7-4C7F-91C4-24B0F1F5D272}.Full|Any CPU.ActiveCfg = ReadOnly|Any CPU
		{5027D56D-61B7-4C7F-91C4-24B0F1F5D272}.Full|Any CPU.Build.0 = ReadOnly|Any CPU
		{5027D56D-61B7-4C7F-91C4-24B0F1F5D272}.Full|x86.ActiveCfg = ReadOnly|Any CPU
		{5027D56D-61B7-4C7F-91C4-24B0F1F5D272}.Full|x86.Build.0 = ReadOnly|Any CPU
		{5027D56D-61B7-4C7F-91C4-24B0F1F5D272}.GISEditorUnitTest|Any CPU.ActiveCfg = GISEditorUnitTest|Any CPU
		{5027D56D-61B7-4C7F-91C4-24B0F1F5D272}.GISEditorUnitTest|Any CPU.Build.0 = GISEditorUnitTest|Any CPU
		{5027D56D-61B7-4C7F-91C4-24B0F1F5D272}.GISEditorUnitTest|x86.ActiveCfg = GISEditorUnitTest|Any CPU
		{5027D56D-61B7-4C7F-91C4-24B0F1F5D272}.GISEditorUnitTest|x86.Build.0 = GISEditorUnitTest|Any CPU
		{5027D56D-61B7-4C7F-91C4-24B0F1F5D272}.McNally|Any CPU.ActiveCfg = ReadOnly|Any CPU
		{5027D56D-61B7-4C7F-91C4-24B0F1F5D272}.McNally|Any CPU.Build.0 = ReadOnly|Any CPU
		{5027D56D-61B7-4C7F-91C4-24B0F1F5D272}.McNally|x86.ActiveCfg = ReadOnly|Any CPU
		{5027D56D-61B7-4C7F-91C4-24B0F1F5D272}.McNally|x86.Build.0 = ReadOnly|Any CPU
		{5027D56D-61B7-4C7F-91C4-24B0F1F5D272}.Multithread|Any CPU.ActiveCfg = ReadOnly|Any CPU
		{5027D56D-61B7-4C7F-91C4-24B0F1F5D272}.Multithread|Any CPU.Build.0 = ReadOnly|Any CPU
		{5027D56D-61B7-4C7F-91C4-24B0F1F5D272}.Multithread|x86.ActiveCfg = ReadOnly|Any CPU
		{5027D56D-61B7-4C7F-91C4-24B0F1F5D272}.Multithread|x86.Build.0 = ReadOnly|Any CPU
		{5027D56D-61B7-4C7F-91C4-24B0F1F5D272}.newBuildOption|Any CPU.ActiveCfg = ReadOnly|Any CPU
		{5027D56D-61B7-4C7F-91C4-24B0F1F5D272}.newBuildOption|Any CPU.Build.0 = ReadOnly|Any CPU
		{5027D56D-61B7-4C7F-91C4-24B0F1F5D272}.newBuildOption|x86.ActiveCfg = ReadOnly|Any CPU
		{5027D56D-61B7-4C7F-91C4-24B0F1F5D272}.newBuildOption|x86.Build.0 = ReadOnly|Any CPU
		{5027D56D-61B7-4C7F-91C4-24B0F1F5D272}.Performance|Any CPU.ActiveCfg = Performance|Any CPU
		{5027D56D-61B7-4C7F-91C4-24B0F1F5D272}.Performance|Any CPU.Build.0 = Performance|Any CPU
		{5027D56D-61B7-4C7F-91C4-24B0F1F5D272}.Performance|x86.ActiveCfg = Performance|Any CPU
		{5027D56D-61B7-4C7F-91C4-24B0F1F5D272}.Performance|x86.Build.0 = Performance|Any CPU
		{5027D56D-61B7-4C7F-91C4-24B0F1F5D272}.PRODUCTION|Any CPU.ActiveCfg = Performance|Any CPU
		{5027D56D-61B7-4C7F-91C4-24B0F1F5D272}.PRODUCTION|Any CPU.Build.0 = Performance|Any CPU
		{5027D56D-61B7-4C7F-91C4-24B0F1F5D272}.PRODUCTION|x86.ActiveCfg = Performance|Any CPU
		{5027D56D-61B7-4C7F-91C4-24B0F1F5D272}.PRODUCTION|x86.Build.0 = Performance|Any CPU
		{5027D56D-61B7-4C7F-91C4-24B0F1F5D272}.ReadOnly|Any CPU.ActiveCfg = ReadOnly|Any CPU
		{5027D56D-61B7-4C7F-91C4-24B0F1F5D272}.ReadOnly|Any CPU.Build.0 = ReadOnly|Any CPU
		{5027D56D-61B7-4C7F-91C4-24B0F1F5D272}.ReadOnly|x86.ActiveCfg = ReadOnly|Any CPU
		{5027D56D-61B7-4C7F-91C4-24B0F1F5D272}.ReadOnly|x86.Build.0 = ReadOnly|Any CPU
		{5027D56D-61B7-4C7F-91C4-24B0F1F5D272}.Release|Any CPU.ActiveCfg = Release|Any CPU
		{5027D56D-61B7-4C7F-91C4-24B0F1F5D272}.Release|Any CPU.Build.0 = Release|Any CPU
		{5027D56D-61B7-4C7F-91C4-24B0F1F5D272}.Release|x86.ActiveCfg = Release|Any CPU
		{5027D56D-61B7-4C7F-91C4-24B0F1F5D272}.Release|x86.Build.0 = Release|Any CPU
		{5027D56D-61B7-4C7F-91C4-24B0F1F5D272}.RoutingFull|Any CPU.ActiveCfg = ReadOnly|Any CPU
		{5027D56D-61B7-4C7F-91C4-24B0F1F5D272}.RoutingFull|Any CPU.Build.0 = ReadOnly|Any CPU
		{5027D56D-61B7-4C7F-91C4-24B0F1F5D272}.RoutingFull|x86.ActiveCfg = ReadOnly|Any CPU
		{5027D56D-61B7-4C7F-91C4-24B0F1F5D272}.RoutingFull|x86.Build.0 = ReadOnly|Any CPU
		{5027D56D-61B7-4C7F-91C4-24B0F1F5D272}.RunTime|Any CPU.ActiveCfg = ReadOnly|Any CPU
		{5027D56D-61B7-4C7F-91C4-24B0F1F5D272}.RunTime|Any CPU.Build.0 = ReadOnly|Any CPU
		{5027D56D-61B7-4C7F-91C4-24B0F1F5D272}.RunTime|x86.ActiveCfg = ReadOnly|Any CPU
		{5027D56D-61B7-4C7F-91C4-24B0F1F5D272}.RunTime|x86.Build.0 = ReadOnly|Any CPU
		{5027D56D-61B7-4C7F-91C4-24B0F1F5D272}.TGLICENSE|Any CPU.ActiveCfg = ReadOnly|Any CPU
		{5027D56D-61B7-4C7F-91C4-24B0F1F5D272}.TGLICENSE|Any CPU.Build.0 = ReadOnly|Any CPU
		{5027D56D-61B7-4C7F-91C4-24B0F1F5D272}.TGLICENSE|x86.ActiveCfg = ReadOnly|Any CPU
		{5027D56D-61B7-4C7F-91C4-24B0F1F5D272}.TGLICENSE|x86.Build.0 = ReadOnly|Any CPU
		{5027D56D-61B7-4C7F-91C4-24B0F1F5D272}.ThreadPoolEx|Any CPU.ActiveCfg = ReadOnly|Any CPU
		{5027D56D-61B7-4C7F-91C4-24B0F1F5D272}.ThreadPoolEx|Any CPU.Build.0 = ReadOnly|Any CPU
		{5027D56D-61B7-4C7F-91C4-24B0F1F5D272}.ThreadPoolEx|x86.ActiveCfg = ReadOnly|Any CPU
		{5027D56D-61B7-4C7F-91C4-24B0F1F5D272}.ThreadPoolEx|x86.Build.0 = ReadOnly|Any CPU
	EndGlobalSection
	GlobalSection(SolutionProperties) = preSolution
		HideSolutionNode = FALSE
	EndGlobalSection
EndGlobal
