
Microsoft Visual Studio Solution File, Format Version 11.00
# Visual Studio 2010
Project("{FAE04EC0-301F-11D3-BF4B-00C04F79EFBC}") = "GisEditorToolkits", "GISEditorToolKits\GisEditorToolkits.csproj", "{99B4B46D-B52D-4EAF-98EE-C7B398575D90}"
EndProject
Global
	GlobalSection(TeamFoundationVersionControl) = preSolution
		SccNumberOfProjects = 2
		SccEnterpriseProvider = {4CA58AB2-18FA-4F8D-95D4-32DDF27D184C}
		SccTeamFoundationServer = http://192.168.0.10:8081/defaultcollection
		SccLocalPath0 = .
		SccProjectUniqueName1 = GISEditorToolKits\\GisEditorToolkits.csproj
		SccProjectName1 = GISEditorToolKits
		SccLocalPath1 = GISEditorToolKits
	EndGlobalSection
	GlobalSection(SolutionConfigurationPlatforms) = preSolution
		Debug|Any CPU = Debug|Any CPU
		Release|Any CPU = Release|Any CPU
	EndGlobalSection
	GlobalSection(ProjectConfigurationPlatforms) = postSolution
		{99B4B46D-B52D-4EAF-98EE-C7B398575D90}.Debug|Any CPU.ActiveCfg = Release|Any CPU
		{99B4B46D-B52D-4EAF-98EE-C7B398575D90}.Debug|Any CPU.Build.0 = Release|Any CPU
		{99B4B46D-B52D-4EAF-98EE-C7B398575D90}.Release|Any CPU.ActiveCfg = Release|Any CPU
		{99B4B46D-B52D-4EAF-98EE-C7B398575D90}.Release|Any CPU.Build.0 = Release|Any CPU
	EndGlobalSection
	GlobalSection(SolutionProperties) = preSolution
		HideSolutionNode = FALSE
	EndGlobalSection
EndGlobal
