
Microsoft Visual Studio Solution File, Format Version 12.00
# Visual Studio Version 18
VisualStudioVersion = 18.0.11217.181 d18.0
MinimumVisualStudioVersion = 10.0.40219.1
Project("{FAE04EC0-301F-11D3-BF4B-00C04F79EFBC}") = "WpfDesktopExtension", "WpfDesktopExtension.csproj", "{EB308EA3-ADF8-2ABB-F68F-D428B0EF08D2}"
EndProject
Global
	GlobalSection(SolutionConfigurationPlatforms) = preSolution
		Debug|Any CPU = Debug|Any CPU
		Release|Any CPU = Release|Any CPU
	EndGlobalSection
	GlobalSection(ProjectConfigurationPlatforms) = postSolution
		{EB308EA3-ADF8-2ABB-F68F-D428B0EF08D2}.Debug|Any CPU.ActiveCfg = Debug|Any CPU
		{EB308EA3-ADF8-2ABB-F68F-D428B0EF08D2}.Debug|Any CPU.Build.0 = Debug|Any CPU
		{EB308EA3-ADF8-2ABB-F68F-D428B0EF08D2}.Release|Any CPU.ActiveCfg = Release|Any CPU
		{EB308EA3-ADF8-2ABB-F68F-D428B0EF08D2}.Release|Any CPU.Build.0 = Release|Any CPU
	EndGlobalSection
	GlobalSection(SolutionProperties) = preSolution
		HideSolutionNode = FALSE
	EndGlobalSection
	GlobalSection(ExtensibilityGlobals) = postSolution
		SolutionGuid = {DE2226C6-8C21-41F9-98D0-D88632A64937}
	EndGlobalSection
EndGlobal
